<?xml version="1.0" encoding="utf-8"?>
<Project ToolsVersion="4.0" xmlns="http://schemas.microsoft.com/developer/msbuild/2003">
  <ItemGroup>
    <Filter Include="소스 파일">
      <UniqueIdentifier>{4FC737F1-C7A5-4376-A066-2A32D752A2FF}</UniqueIdentifier>
      <Extensions>cpp;c;cc;cxx;c++;cppm;ixx;def;odl;idl;hpj;bat;asm;asmx</Extensions>
    </Filter>
    <Filter Include="헤더 파일">
      <UniqueIdentifier>{93995380-89BD-4b04-88EB-625FBE52EBFB}</UniqueIdentifier>
      <Extensions>h;hh;hpp;hxx;h++;hm;inl;inc;ipp;xsd</Extensions>
    </Filter>
    <Filter Include="리소스 파일">
      <UniqueIdentifier>{67DA6AB6-F800-4c08-8B7A-83BB121AAD01}</UniqueIdentifier>
      <Extensions>rc;ico;cur;bmp;dlg;rc2;rct;bin;rgs;gif;jpg;jpeg;jpe;resx;tiff;tif;png;wav;mfcribbon-ms</Extensions>
    </Filter>
    <Filter Include="App">
      <UniqueIdentifier>{bc00714d-fa84-4d37-a037-8c14b34205bf}</UniqueIdentifier>
    </Filter>
    <Filter Include="Client">
      <UniqueIdentifier>{a4aa9837-534c-40c3-89a7-a37578454719}</UniqueIdentifier>
    </Filter>
    <Filter Include="Monitor">
      <UniqueIdentifier>{e6706302-3a30-4dca-bffe-7dd470727299}</UniqueIdentifier>
    </Filter>
    <Filter Include="Scheduler">
      <UniqueIdentifier>{f8b7f42d-3e96-4a45-ace6-9320887ecb03}</UniqueIdentifier>
    </Filter>
    <Filter Include="Manager">
      <UniqueIdentifier>{6e713566-a821-4e66-a979-77110a579a62}</UniqueIdentifier>
    </Filter>
    <Filter Include="Account">
      <UniqueIdentifier>{485e83c8-556a-4c12-8166-e226576afb6c}</UniqueIdentifier>
    </Filter>
  </ItemGroup>
  <ItemGroup>
    <ClCompile Include="DummyReConnect.cpp">
      <Filter>소스 파일</Filter>
    </ClCompile>
    <ClCompile Include="DummyAppRegistry.cpp">
      <Filter>소스 파일</Filter>
    </ClCompile>
    <ClCompile Include="DummyApp.cpp">
      <Filter>App</Filter>
    </ClCompile>
    <ClCompile Include="DummyClient.cpp">
      <Filter>Client</Filter>
    </ClCompile>
    <ClCompile Include="DummyMonitor.cpp">
      <Filter>Monitor</Filter>
    </ClCompile>
    <ClCompile Include="DummyScheduler.cpp">
      <Filter>Scheduler</Filter>
    </ClCompile>
    <ClCompile Include="DummyManager.cpp">
      <Filter>Manager</Filter>
    </ClCompile>
  </ItemGroup>
  <ItemGroup>
    <ClInclude Include="DummyAppRegistry.h">
      <Filter>헤더 파일</Filter>
    </ClInclude>
    <ClInclude Include="DummyApp.h">
      <Filter>App</Filter>
    </ClInclude>
    <ClInclude Include="DummyClient.h">
      <Filter>Client</Filter>
    </ClInclude>
    <ClInclude Include="DummyMonitor.h">
      <Filter>Monitor</Filter>
    </ClInclude>
    <ClInclude Include="DummyScheduler.h">
      <Filter>Scheduler</Filter>
    </ClInclude>
    <ClInclude Include="DummyManager.h">
      <Filter>Manager</Filter>
    </ClInclude>
    <ClInclude Include="ACCOUNT_INFO.h">
      <Filter>Account</Filter>
    </ClInclude>
  </ItemGroup>
  <ItemGroup>
    <Text Include="구상.txt" />
    <Text Include="accounts.txt">
      <Filter>Account</Filter>
    </Text>
  </ItemGroup>
</Project>
